
Microsoft Visual Studio Solution File, Format Version 12.00
# Visual Studio Version 17
VisualStudioVersion = 17.5.33530.505
MinimumVisualStudioVersion = 10.0.40219.1
Project("{FAE04EC0-301F-11D3-BF4B-00C04F79EFBC}") = "JokesApiDemo", "JokesApiDemo\JokesApiDemo.csproj", "{664B6A73-8C6B-4126-B3B4-C9F48E907D05}"
EndProject
Project("{FAE04EC0-301F-11D3-BF4B-00C04F79EFBC}") = "JokesClient", "JokesClient\JokesClient.csproj", "{5C6EEED0-6B68-432A-863D-C9562DBAE22F}"
EndProject
Global
	GlobalSection(SolutionConfigurationPlatforms) = preSolution
		Debug|Any CPU = Debug|Any CPU
		Release|Any CPU = Release|Any CPU
	EndGlobalSection
	GlobalSection(ProjectConfigurationPlatforms) = postSolution
		{664B6A73-8C6B-4126-B3B4-C9F48E907D05}.Debug|Any CPU.ActiveCfg = Debug|Any CPU
		{664B6A73-8C6B-4126-B3B4-C9F48E907D05}.Debug|Any CPU.Build.0 = Debug|Any CPU
		{664B6A73-8C6B-4126-B3B4-C9F48E907D05}.Release|Any CPU.ActiveCfg = Release|Any CPU
		{664B6A73-8C6B-4126-B3B4-C9F48E907D05}.Release|Any CPU.Build.0 = Release|Any CPU
		{5C6EEED0-6B68-432A-863D-C9562DBAE22F}.Debug|Any CPU.ActiveCfg = Debug|Any CPU
		{5C6EEED0-6B68-432A-863D-C9562DBAE22F}.Debug|Any CPU.Build.0 = Debug|Any CPU
		{5C6EEED0-6B68-432A-863D-C9562DBAE22F}.Release|Any CPU.ActiveCfg = Release|Any CPU
		{5C6EEED0-6B68-432A-863D-C9562DBAE22F}.Release|Any CPU.Build.0 = Release|Any CPU
	EndGlobalSection
	GlobalSection(SolutionProperties) = preSolution
		HideSolutionNode = FALSE
	EndGlobalSection
	GlobalSection(ExtensibilityGlobals) = postSolution
		SolutionGuid = {FC4C241A-BA72-42ED-92B2-BAD1386C7921}
	EndGlobalSection
EndGlobal
